// !$*UTF8*$!
{
	archiveVersion = 1;
	classes = {
	};
	objectVersion = 50;
	objects = {

/* Begin PBXBuildFile section */
		4D2B1E16229BB69E00FA7142 /* AppDelegate.swift in Sources */ = {isa = PBXBuildFile; fileRef = 4D2B1E15229BB69E00FA7142 /* AppDelegate.swift */; };
		4D2B1E18229BB69E00FA7142 /* ViewController.swift in Sources */ = {isa = PBXBuildFile; fileRef = 4D2B1E17229BB69E00FA7142 /* ViewController.swift */; };
		4D2B1E1B229BB69E00FA7142 /* Main.storyboard in Resources */ = {isa = PBXBuildFile; fileRef = 4D2B1E19229BB69E00FA7142 /* Main.storyboard */; };
		4D2B1E1D229BB69F00FA7142 /* Assets.xcassets in Resources */ = {isa = PBXBuildFile; fileRef = 4D2B1E1C229BB69F00FA7142 /* Assets.xcassets */; };
		4D2B1E20229BB69F00FA7142 /* LaunchScreen.storyboard in Resources */ = {isa = PBXBuildFile; fileRef = 4D2B1E1E229BB69F00FA7142 /* LaunchScreen.storyboard */; };
		4D2B1E8C229C0BD700FA7142 /* DetailViewController.swift in Sources */ = {isa = PBXBuildFile; fileRef = 4D2B1E8B229C0BD700FA7142 /* DetailViewController.swift */; };
/* End PBXBuildFile section */

/* Begin PBXFileReference section */
		4D2B1E12229BB69E00FA7142 /* 247.app */ = {isa = PBXFileReference; explicitFileType = wrapper.application; includeInIndex = 0; path = 247.app; sourceTree = BUILT_PRODUCTS_DIR; };
		4D2B1E15229BB69E00FA7142 /* AppDelegate.swift */ = {isa = PBXFileReference; lastKnownFileType = sourcecode.swift; path = AppDelegate.swift; sourceTree = "<group>"; };
		4D2B1E17229BB69E00FA7142 /* ViewController.swift */ = {isa = PBXFileReference; lastKnownFileType = sourcecode.swift; path = ViewController.swift; sourceTree = "<group>"; };
		4D2B1E1A229BB69E00FA7142 /* Base */ = {isa = PBXFileReference; lastKnownFileType = file.storyboard; name = Base; path = Base.lproj/Main.storyboard; sourceTree = "<group>"; };
		4D2B1E1C229BB69F00FA7142 /* Assets.xcassets */ = {isa = PBXFileReference; lastKnownFileType = folder.assetcatalog; path = Assets.xcassets; sourceTree = "<group>"; };
		4D2B1E1F229BB69F00FA7142 /* Base */ = {isa = PBXFileReference; lastKnownFileType = file.storyboard; name = Base; path = Base.lproj/LaunchScreen.storyboard; sourceTree = "<group>"; };
		4D2B1E21229BB69F00FA7142 /* Info.plist */ = {isa = PBXFileReference; lastKnownFileType = text.plist.xml; path = Info.plist; sourceTree = "<group>"; };
		4D2B1E8B229C0BD700FA7142 /* DetailViewController.swift */ = {isa = PBXFileReference; lastKnownFileType = sourcecode.swift; path = DetailViewController.swift; sourceTree = "<group>"; };
/* End PBXFileReference section */

/* Begin PBXFrameworksBuildPhase section */
		4D2B1E0F229BB69E00FA7142 /* Frameworks */ = {
			isa = PBXFrameworksBuildPhase;
			buildActionMask = 2147483647;
			files = (
			);
			runOnlyForDeploymentPostprocessing = 0;
		};
/* End PBXFrameworksBuildPhase section */

/* Begin PBXGroup section */
		4D2B1E09229BB69E00FA7142 = {
			isa = PBXGroup;
			children = (
				4D2B1E14229BB69E00FA7142 /* twofourseven */,
				4D2B1E13229BB69E00FA7142 /* Products */,
			);
			sourceTree = "<group>";
		};
		4D2B1E13229BB69E00FA7142 /* Products */ = {
			isa = PBXGroup;
			children = (
				4D2B1E12229BB69E00FA7142 /* 247.app */,
			);
			name = Products;
			sourceTree = "<group>";
		};
		4D2B1E14229BB69E00FA7142 /* twofourseven */ = {
			isa = PBXGroup;
			children = (
				4D2B1E15229BB69E00FA7142 /* AppDelegate.swift */,
				4D2B1E17229BB69E00FA7142 /* ViewController.swift */,
				4D2B1E8B229C0BD700FA7142 /* DetailViewController.swift */,
				4D2B1E19229BB69E00FA7142 /* Main.storyboard */,
				4D2B1E1C229BB69F00FA7142 /* Assets.xcassets */,
				4D2B1E1E229BB69F00FA7142 /* LaunchScreen.storyboard */,
				4D2B1E21229BB69F00FA7142 /* Info.plist */,
			);
			path = twofourseven;
			sourceTree = "<group>";
		};
/* End PBXGroup section */

/* Begin PBXNativeTarget section */
		4D2B1E11229BB69E00FA7142 /* 247 */ = {
			isa = PBXNativeTarget;
			buildConfigurationList = 4D2B1E24229BB69F00FA7142 /* Build configuration list for PBXNativeTarget "247" */;
			buildPhases = (
				4D2B1E0E229BB69E00FA7142 /* Sources */,
				4D2B1E0F229BB69E00FA7142 /* Frameworks */,
				4D2B1E10229BB69E00FA7142 /* Resources */,
			);
			buildRules = (
			);
			dependencies = (
			);
			name = 247;
			productName = twofourseven;
			productReference = 4D2B1E12229BB69E00FA7142 /* 247.app */;
			productType = "com.apple.product-type.application";
		};
/* End PBXNativeTarget section */

/* Begin PBXProject section */
		4D2B1E0A229BB69E00FA7142 /* Project object */ = {
			isa = PBXProject;
			attributes = {
				LastSwiftUpdateCheck = 1020;
				LastUpgradeCheck = 1020;
				ORGANIZATIONNAME = "Nikhil Anu";
				TargetAttributes = {
					4D2B1E11229BB69E00FA7142 = {
						CreatedOnToolsVersion = 10.2.1;
					};
				};
			};
			buildConfigurationList = 4D2B1E0D229BB69E00FA7142 /* Build configuration list for PBXProject "247" */;
			compatibilityVersion = "Xcode 9.3";
			developmentRegion = en;
			hasScannedForEncodings = 0;
			knownRegions = (
				en,
				Base,
			);
			mainGroup = 4D2B1E09229BB69E00FA7142;
			productRefGroup = 4D2B1E13229BB69E00FA7142 /* Products */;
			projectDirPath = "";
			projectRoot = "";
			targets = (
				4D2B1E11229BB69E00FA7142 /* 247 */,
			);
		};
/* End PBXProject section */

/* Begin PBXResourcesBuildPhase section */
		4D2B1E10229BB69E00FA7142 /* Resources */ = {
			isa = PBXResourcesBuildPhase;
			buildActionMask = 2147483647;
			files = (
				4D2B1E20229BB69F00FA7142 /* LaunchScreen.storyboard in Resources */,
				4D2B1E1D229BB69F00FA7142 /* Assets.xcassets in Resources */,
				4D2B1E1B229BB69E00FA7142 /* Main.storyboard in Resources */,
			);
			runOnlyForDeploymentPostprocessing = 0;
		};
/* End PBXResourcesBuildPhase section */

/* Begin PBXSourcesBuildPhase section */
		4D2B1E0E229BB69E00FA7142 /* Sources */ = {
			isa = PBXSourcesBuildPhase;
			buildActionMask = 2147483647;
			files = (
				4D2B1E8C229C0BD700FA7142 /* DetailViewController.swift in Sources */,
				4D2B1E18229BB69E00FA7142 /* ViewController.swift in Sources */,
				4D2B1E16229BB69E00FA7142 /* AppDelegate.swift in Sources */,
			);
			runOnlyForDeploymentPostprocessing = 0;
		};
/* End PBXSourcesBuildPhase section */

/* Begin PBXVariantGroup section */
		4D2B1E19229BB69E00FA7142 /* Main.storyboard */ = {
			isa = PBXVariantGroup;
			children = (
				4D2B1E1A229BB69E00FA7142 /* Base */,
			);
			name = Main.storyboard;
			sourceTree = "<group>";
		};
		4D2B1E1E229BB69F00FA7142 /* LaunchScreen.storyboard */ = {
			isa = PBXVariantGroup;
			children = (
				4D2B1E1F229BB69F00FA7142 /* Base */,
			);
			name = LaunchScreen.storyboard;
			sourceTree = "<group>";
		};
/* End PBXVariantGroup section */

/* Begin XCBuildConfiguration section */
		4D2B1E22229BB69F00FA7142 /* Debug */ = {
			isa = XCBuildConfiguration;
			buildSettings = {
				ALWAYS_SEARCH_USER_PATHS = NO;
				CLANG_ANALYZER_NONNULL = YES;
				CLANG_ANALYZER_NUMBER_OBJECT_CONVERSION = YES_AGGRESSIVE;
				CLANG_CXX_LANGUAGE_STANDARD = "gnu++14";
				CLANG_CXX_LIBRARY = "libc++";
				CLANG_ENABLE_MODULES = YES;
				CLANG_ENABLE_OBJC_ARC = YES;
				CLANG_ENABLE_OBJC_WEAK = YES;
				CLANG_WARN_BLOCK_CAPTURE_AUTORELEASING = YES;
				CLANG_WARN_BOOL_CONVERSION = YES;
				CLANG_WARN_COMMA = YES;
				CLANG_WARN_CONSTANT_CONVERSION = YES;
				CLANG_WARN_DEPRECATED_OBJC_IMPLEMENTATIONS = YES;
				CLANG_WARN_DIRECT_OBJC_ISA_USAGE = YES_ERROR;
				CLANG_WARN_DOCUMENTATION_COMMENTS = YES;
				CLANG_WARN_EMPTY_BODY = YES;
				CLANG_WARN_ENUM_CONVERSION = YES;
				CLANG_WARN_INFINITE_RECURSION = YES;
				CLANG_WARN_INT_CONVERSION = YES;
				CLANG_WARN_NON_LITERAL_NULL_CONVERSION = YES;
				CLANG_WARN_OBJC_IMPLICIT_RETAIN_SELF = YES;
				CLANG_WARN_OBJC_LITERAL_CONVERSION = YES;
				CLANG_WARN_OBJC_ROOT_CLASS = YES_ERROR;
				CLANG_WARN_RANGE_LOOP_ANALYSIS = YES;
				CLANG_WARN_STRICT_PROTOTYPES = YES;
				CLANG_WARN_SUSPICIOUS_MOVE = YES;
				CLANG_WARN_UNGUARDED_AVAILABILITY = YES_AGGRESSIVE;
				CLANG_WARN_UNREACHABLE_CODE = YES;
				CLANG_WARN__DUPLICATE_METHOD_MATCH = YES;
				CODE_SIGN_IDENTITY = "iPhone Developer";
				COPY_PHASE_STRIP = NO;
				DEBUG_INFORMATION_FORMAT = dwarf;
				ENABLE_STRICT_OBJC_MSGSEND = YES;
				ENABLE_TESTABILITY = YES;
				GCC_C_LANGUAGE_STANDARD = gnu11;
				GCC_DYNAMIC_NO_PIC = NO;
				GCC_NO_COMMON_BLOCKS = YES;
				GCC_OPTIMIZATION_LEVEL = 0;
				GCC_PREPROCESSOR_DEFINITIONS = (
					"DEBUG=1",
					"$(inherited)",
				);
				GCC_WARN_64_TO_32_BIT_CONVERSION = YES;
				GCC_WARN_ABOUT_RETURN_TYPE = YES_ERROR;
				GCC_WARN_UNDECLARED_SELECTOR = YES;
				GCC_WARN_UNINITIALIZED_AUTOS = YES_AGGRESSIVE;
				GCC_WARN_UNUSED_FUNCTION = YES;
				GCC_WARN_UNUSED_VARIABLE = YES;
				IPHONEOS_DEPLOYMENT_TARGET = 12.2;
				MTL_ENABLE_DEBUG_INFO = INCLUDE_SOURCE;
				MTL_FAST_MATH = YES;
				ONLY_ACTIVE_ARCH = YES;
				SDKROOT = iphoneos;
				SWIFT_ACTIVE_COMPILATION_CONDITIONS = DEBUG;
				SWIFT_OPTIMIZATION_LEVEL = "-Onone";
			};
			name = Debug;
		};
		4D2B1E23229BB69F00FA7142 /* Release */ = {
			isa = XCBuildConfiguration;
			buildSettings = {
				ALWAYS_SEARCH_USER_PATHS = NO;
				CLANG_ANALYZER_NONNULL = YES;
				CLANG_ANALYZER_NUMBER_OBJECT_CONVERSION = YES_AGGRESSIVE;
				CLANG_CXX_LANGUAGE_STANDARD = "gnu++14";
				CLANG_CXX_LIBRARY = "libc++";
				CLANG_ENABLE_MODULES = YES;
				CLANG_ENABLE_OBJC_ARC = YES;
				CLANG_ENABLE_OBJC_WEAK = YES;
				CLANG_WARN_BLOCK_CAPTURE_AUTORELEASING = YES;
				CLANG_WARN_BOOL_CONVERSION = YES;
				CLANG_WARN_COMMA = YES;
				CLANG_WARN_CONSTANT_CONVERSION = YES;
				CLANG_WARN_DEPRECATED_OBJC_IMPLEMENTATIONS = YES;
				CLANG_WARN_DIRECT_OBJC_ISA_USAGE = YES_ERROR;
				CLANG_WARN_DOCUMENTATION_COMMENTS = YES;
				CLANG_WARN_EMPTY_BODY = YES;
				CLANG_WARN_ENUM_CONVERSION = YES;
				CLANG_WARN_INFINITE_RECURSION = YES;
				CLANG_WARN_INT_CONVERSION = YES;
				CLANG_WARN_NON_LITERAL_NULL_CONVERSION = YES;
				CLANG_WARN_OBJC_IMPLICIT_RETAIN_SELF = YES;
				CLANG_WARN_OBJC_LITERAL_CONVERSION = YES;
				CLANG_WARN_OBJC_ROOT_CLASS = YES_ERROR;
				CLANG_WARN_RANGE_LOOP_ANALYSIS = YES;
				CLANG_WARN_STRICT_PROTOTYPES = YES;
				CLANG_WARN_SUSPICIOUS_MOVE = YES;
				CLANG_WARN_UNGUARDED_AVAILABILITY = YES_AGGRESSIVE;
				CLANG_WARN_UNREACHABLE_CODE = YES;
				CLANG_WARN__DUPLICATE_METHOD_MATCH = YES;
				CODE_SIGN_IDENTITY = "iPhone Developer";
				COPY_PHASE_STRIP = NO;
				DEBUG_INFORMATION_FORMAT = "dwarf-with-dsym";
				ENABLE_NS_ASSERTIONS = NO;
				ENABLE_STRICT_OBJC_MSGSEND = YES;
				GCC_C_LANGUAGE_STANDARD = gnu11;
				GCC_NO_COMMON_BLOCKS = YES;
				GCC_WARN_64_TO_32_BIT_CONVERSION = YES;
				GCC_WARN_ABOUT_RETURN_TYPE = YES_ERROR;
				GCC_WARN_UNDECLARED_SELECTOR = YES;
				GCC_WARN_UNINITIALIZED_AUTOS = YES_AGGRESSIVE;
				GCC_WARN_UNUSED_FUNCTION = YES;
				GCC_WARN_UNUSED_VARIABLE = YES;
				IPHONEOS_DEPLOYMENT_TARGET = 12.2;
				MTL_ENABLE_DEBUG_INFO = NO;
				MTL_FAST_MATH = YES;
				SDKROOT = iphoneos;
				SWIFT_COMPILATION_MODE = wholemodule;
				SWIFT_OPTIMIZATION_LEVEL = "-O";
				VALIDATE_PRODUCT = YES;
			};
			name = Release;
		};
		4D2B1E25229BB69F00FA7142 /* Debug */ = {
			isa = XCBuildConfiguration;
			buildSettings = {
				ASSETCATALOG_COMPILER_APPICON_NAME = AppIcon;
				CODE_SIGN_STYLE = Automatic;
				DEVELOPMENT_TEAM = FQRJVPYVY5;
				INFOPLIST_FILE = twofourseven/Info.plist;
				IPHONEOS_DEPLOYMENT_TARGET = 12.0;
				LD_RUNPATH_SEARCH_PATHS = (
					"$(inherited)",
					"@executable_path/Frameworks",
				);
				PRODUCT_BUNDLE_IDENTIFIER = apple.twofourseven;
				PRODUCT_NAME = "$(TARGET_NAME)";
				SWIFT_VERSION = 5.0;
				TARGETED_DEVICE_FAMILY = "1,2";
			};
			name = Debug;
		};
		4D2B1E26229BB69F00FA7142 /* Release */ = {
			isa = XCBuildConfiguration;
			buildSettings = {
				ASSETCATALOG_COMPILER_APPICON_NAME = AppIcon;
				CODE_SIGN_STYLE = Automatic;
				DEVELOPMENT_TEAM = FQRJVPYVY5;
				INFOPLIST_FILE = twofourseven/Info.plist;
				IPHONEOS_DEPLOYMENT_TARGET = 12.0;
				LD_RUNPATH_SEARCH_PATHS = (
					"$(inherited)",
					"@executable_path/Frameworks",
				);
				PRODUCT_BUNDLE_IDENTIFIER = apple.twofourseven;
				PRODUCT_NAME = "$(TARGET_NAME)";
				SWIFT_VERSION = 5.0;
				TARGETED_DEVICE_FAMILY = "1,2";
			};
			name = Release;
		};
/* End XCBuildConfiguration section */

/* Begin XCConfigurationList section */
		4D2B1E0D229BB69E00FA7142 /* Build configuration list for PBXProject "247" */ = {
			isa = XCConfigurationList;
			buildConfigurations = (
				4D2B1E22229BB69F00FA7142 /* Debug */,
				4D2B1E23229BB69F00FA7142 /* Release */,
			);
			defaultConfigurationIsVisible = 0;
			defaultConfigurationName = Release;
		};
		4D2B1E24229BB69F00FA7142 /* Build configuration list for PBXNativeTarget "247" */ = {
			isa = XCConfigurationList;
			buildConfigurations = (
				4D2B1E25229BB69F00FA7142 /* Debug */,
				4D2B1E26229BB69F00FA7142 /* Release */,
			);
			defaultConfigurationIsVisible = 0;
			defaultConfigurationName = Release;
		};
/* End XCConfigurationList section */
	};
	rootObject = 4D2B1E0A229BB69E00FA7142 /* Project object */;
}
